
Microsoft Visual Studio Solution File, Format Version 12.00
# Visual Studio Version 17
VisualStudioVersion = 17.1.32414.318
MinimumVisualStudioVersion = 10.0.40219.1
Project("{FAE04EC0-301F-11D3-BF4B-00C04F79EFBC}") = "CRUD", "CRUD\CRUD.csproj", "{8D1BECF4-CB7B-43F5-8225-07E24407A4D9}"
EndProject
Global
	GlobalSection(SolutionConfigurationPlatforms) = preSolution
		Debug|Any CPU = Debug|Any CPU
		Release|Any CPU = Release|Any CPU
	EndGlobalSection
	GlobalSection(ProjectConfigurationPlatforms) = postSolution
		{8D1BECF4-CB7B-43F5-8225-07E24407A4D9}.Debug|Any CPU.ActiveCfg = Debug|Any CPU
		{8D1BECF4-CB7B-43F5-8225-07E24407A4D9}.Debug|Any CPU.Build.0 = Debug|Any CPU
		{8D1BECF4-CB7B-43F5-8225-07E24407A4D9}.Release|Any CPU.ActiveCfg = Release|Any CPU
		{8D1BECF4-CB7B-43F5-8225-07E24407A4D9}.Release|Any CPU.Build.0 = Release|Any CPU
	EndGlobalSection
	GlobalSection(SolutionProperties) = preSolution
		HideSolutionNode = FALSE
	EndGlobalSection
	GlobalSection(ExtensibilityGlobals) = postSolution
		SolutionGuid = {85555D46-BB30-42DF-98E3-C2A37DDF36ED}
	EndGlobalSection
EndGlobal
